
Microsoft Visual Studio Solution File, Format Version 12.00
# Visual Studio Version 17
VisualStudioVersion = 17.9.34902.65
MinimumVisualStudioVersion = 10.0.40219.1
Project("{FAE04EC0-301F-11D3-BF4B-00C04F79EFBC}") = "TestGitHub", "TestGitHub\TestGitHub.csproj", "{6A87EC3E-ACEB-4374-85F4-8E87712E178B}"
EndProject
Project("{FAE04EC0-301F-11D3-BF4B-00C04F79EFBC}") = "02_HomeworkArray", "02_HomeworkArray\02_HomeworkArray.csproj", "{0A84DBBB-66F4-4C77-B333-B5CD65428E08}"
EndProject
Global
	GlobalSection(SolutionConfigurationPlatforms) = preSolution
		Debug|Any CPU = Debug|Any CPU
		Release|Any CPU = Release|Any CPU
	EndGlobalSection
	GlobalSection(ProjectConfigurationPlatforms) = postSolution
		{6A87EC3E-ACEB-4374-85F4-8E87712E178B}.Debug|Any CPU.ActiveCfg = Debug|Any CPU
		{6A87EC3E-ACEB-4374-85F4-8E87712E178B}.Debug|Any CPU.Build.0 = Debug|Any CPU
		{6A87EC3E-ACEB-4374-85F4-8E87712E178B}.Release|Any CPU.ActiveCfg = Release|Any CPU
		{6A87EC3E-ACEB-4374-85F4-8E87712E178B}.Release|Any CPU.Build.0 = Release|Any CPU
		{0A84DBBB-66F4-4C77-B333-B5CD65428E08}.Debug|Any CPU.ActiveCfg = Debug|Any CPU
		{0A84DBBB-66F4-4C77-B333-B5CD65428E08}.Debug|Any CPU.Build.0 = Debug|Any CPU
		{0A84DBBB-66F4-4C77-B333-B5CD65428E08}.Release|Any CPU.ActiveCfg = Release|Any CPU
		{0A84DBBB-66F4-4C77-B333-B5CD65428E08}.Release|Any CPU.Build.0 = Release|Any CPU
	EndGlobalSection
	GlobalSection(SolutionProperties) = preSolution
		HideSolutionNode = FALSE
	EndGlobalSection
	GlobalSection(ExtensibilityGlobals) = postSolution
		SolutionGuid = {9BBF4F35-1B44-4F35-9281-430BBA1BC8FF}
	EndGlobalSection
EndGlobal
